// !$*UTF8*$!
{
	archiveVersion = 1;
	classes = {
	};
	objectVersion = 46;
	objects = {

/* Begin PBXBuildFile section */
		52D11472533E9E9641E5AD8E /* Pods_PentiTests.framework in Frameworks */ = {isa = PBXBuildFile; fileRef = CF1C920D7AFD2CC6F289C13F /* Pods_PentiTests.framework */; };
		AA1658961D2B84250020F6BC /* Constants.swift in Sources */ = {isa = PBXBuildFile; fileRef = AA1658951D2B84250020F6BC /* Constants.swift */; };
		AA240EEB1D24F99F00DA1D2B /* FeedItemCell.swift in Sources */ = {isa = PBXBuildFile; fileRef = AA240EEA1D24F99F00DA1D2B /* FeedItemCell.swift */; };
		AA240EEE1D24FCCB00DA1D2B /* PentiApi.swift in Sources */ = {isa = PBXBuildFile; fileRef = AA240EED1D24FCCB00DA1D2B /* PentiApi.swift */; };
		AA240EF01D2503B400DA1D2B /* Feeds.swift in Sources */ = {isa = PBXBuildFile; fileRef = AA240EEF1D2503B400DA1D2B /* Feeds.swift */; };
		AA240EF21D251F8D00DA1D2B /* DetailViewController.swift in Sources */ = {isa = PBXBuildFile; fileRef = AA240EF11D251F8D00DA1D2B /* DetailViewController.swift */; };
		AA240EF41D25207E00DA1D2B /* WebKit.framework in Frameworks */ = {isa = PBXBuildFile; fileRef = AA240EF31D25207E00DA1D2B /* WebKit.framework */; };
		AA7A5B691D260D8900B9B270 /* QuartzCore.framework in Frameworks */ = {isa = PBXBuildFile; fileRef = AA7A5B681D260D8900B9B270 /* QuartzCore.framework */; };
		AAA7CCA91D23C8CD00A9A4F8 /* AppDelegate.swift in Sources */ = {isa = PBXBuildFile; fileRef = AAA7CCA81D23C8CD00A9A4F8 /* AppDelegate.swift */; };
		AAA7CCAB1D23C8CD00A9A4F8 /* ViewController.swift in Sources */ = {isa = PBXBuildFile; fileRef = AAA7CCAA1D23C8CD00A9A4F8 /* ViewController.swift */; };
		AAA7CCAE1D23C8CD00A9A4F8 /* Main.storyboard in Resources */ = {isa = PBXBuildFile; fileRef = AAA7CCAC1D23C8CD00A9A4F8 /* Main.storyboard */; };
		AAA7CCB01D23C8CD00A9A4F8 /* Assets.xcassets in Resources */ = {isa = PBXBuildFile; fileRef = AAA7CCAF1D23C8CD00A9A4F8 /* Assets.xcassets */; };
		AAA7CCB31D23C8CD00A9A4F8 /* LaunchScreen.storyboard in Resources */ = {isa = PBXBuildFile; fileRef = AAA7CCB11D23C8CD00A9A4F8 /* LaunchScreen.storyboard */; };
		AAA7CCBE1D23C8CD00A9A4F8 /* PentiTests.swift in Sources */ = {isa = PBXBuildFile; fileRef = AAA7CCBD1D23C8CD00A9A4F8 /* PentiTests.swift */; };
		AAD72F6F1D2A3F7E00510481 /* content.js in Resources */ = {isa = PBXBuildFile; fileRef = AAD72F6E1D2A3F7E00510481 /* content.js */; };
		AAD72F731D2A42A200510481 /* zepto.min.js in Resources */ = {isa = PBXBuildFile; fileRef = AAD72F721D2A42A200510481 /* zepto.min.js */; };
		AAD72F7A1D2A613600510481 /* style.js in Resources */ = {isa = PBXBuildFile; fileRef = AAD72F791D2A613600510481 /* style.js */; };
		CDC2E26E969854890629BA04 /* Pods_Penti.framework in Frameworks */ = {isa = PBXBuildFile; fileRef = C6CEB727175A76D9DF7DC277 /* Pods_Penti.framework */; };
/* End PBXBuildFile section */

/* Begin PBXContainerItemProxy section */
		AAA7CCBA1D23C8CD00A9A4F8 /* PBXContainerItemProxy */ = {
			isa = PBXContainerItemProxy;
			containerPortal = AAA7CC9D1D23C8CD00A9A4F8 /* Project object */;
			proxyType = 1;
			remoteGlobalIDString = AAA7CCA41D23C8CD00A9A4F8;
			remoteInfo = Penti;
		};
/* End PBXContainerItemProxy section */

/* Begin PBXFileReference section */
		69AFBF9E25D68A6FE75DB43C /* Pods-Penti.release.xcconfig */ = {isa = PBXFileReference; includeInIndex = 1; lastKnownFileType = text.xcconfig; name = "Pods-Penti.release.xcconfig"; path = "Pods/Target Support Files/Pods-Penti/Pods-Penti.release.xcconfig"; sourceTree = "<group>"; };
		AA1658951D2B84250020F6BC /* Constants.swift */ = {isa = PBXFileReference; fileEncoding = 4; lastKnownFileType = sourcecode.swift; path = Constants.swift; sourceTree = "<group>"; };
		AA240EEA1D24F99F00DA1D2B /* FeedItemCell.swift */ = {isa = PBXFileReference; fileEncoding = 4; lastKnownFileType = sourcecode.swift; path = FeedItemCell.swift; sourceTree = "<group>"; };
		AA240EED1D24FCCB00DA1D2B /* PentiApi.swift */ = {isa = PBXFileReference; fileEncoding = 4; lastKnownFileType = sourcecode.swift; path = PentiApi.swift; sourceTree = "<group>"; };
		AA240EEF1D2503B400DA1D2B /* Feeds.swift */ = {isa = PBXFileReference; fileEncoding = 4; lastKnownFileType = sourcecode.swift; path = Feeds.swift; sourceTree = "<group>"; };
		AA240EF11D251F8D00DA1D2B /* DetailViewController.swift */ = {isa = PBXFileReference; fileEncoding = 4; lastKnownFileType = sourcecode.swift; path = DetailViewController.swift; sourceTree = "<group>"; };
		AA240EF31D25207E00DA1D2B /* WebKit.framework */ = {isa = PBXFileReference; lastKnownFileType = wrapper.framework; name = WebKit.framework; path = System/Library/Frameworks/WebKit.framework; sourceTree = SDKROOT; };
		AA7A5B681D260D8900B9B270 /* QuartzCore.framework */ = {isa = PBXFileReference; lastKnownFileType = wrapper.framework; name = QuartzCore.framework; path = System/Library/Frameworks/QuartzCore.framework; sourceTree = SDKROOT; };
		AA8077571D2E33D700F1B88E /* Penti-Bridging-Header.h */ = {isa = PBXFileReference; lastKnownFileType = sourcecode.c.h; path = "Penti-Bridging-Header.h"; sourceTree = "<group>"; };
		AA83009A1D2CF6C500818A2B /* Penti.entitlements */ = {isa = PBXFileReference; lastKnownFileType = text.xml; path = Penti.entitlements; sourceTree = "<group>"; };
		AAA7CCA51D23C8CD00A9A4F8 /* Penti.app */ = {isa = PBXFileReference; explicitFileType = wrapper.application; includeInIndex = 0; path = Penti.app; sourceTree = BUILT_PRODUCTS_DIR; };
		AAA7CCA81D23C8CD00A9A4F8 /* AppDelegate.swift */ = {isa = PBXFileReference; lastKnownFileType = sourcecode.swift; path = AppDelegate.swift; sourceTree = "<group>"; };
		AAA7CCAA1D23C8CD00A9A4F8 /* ViewController.swift */ = {isa = PBXFileReference; lastKnownFileType = sourcecode.swift; path = ViewController.swift; sourceTree = "<group>"; };
		AAA7CCAD1D23C8CD00A9A4F8 /* Base */ = {isa = PBXFileReference; lastKnownFileType = file.storyboard; name = Base; path = Base.lproj/Main.storyboard; sourceTree = "<group>"; };
		AAA7CCAF1D23C8CD00A9A4F8 /* Assets.xcassets */ = {isa = PBXFileReference; lastKnownFileType = folder.assetcatalog; path = Assets.xcassets; sourceTree = "<group>"; };
		AAA7CCB21D23C8CD00A9A4F8 /* Base */ = {isa = PBXFileReference; lastKnownFileType = file.storyboard; name = Base; path = Base.lproj/LaunchScreen.storyboard; sourceTree = "<group>"; };
		AAA7CCB41D23C8CD00A9A4F8 /* Info.plist */ = {isa = PBXFileReference; lastKnownFileType = text.plist.xml; path = Info.plist; sourceTree = "<group>"; };
		AAA7CCB91D23C8CD00A9A4F8 /* PentiTests.xctest */ = {isa = PBXFileReference; explicitFileType = wrapper.cfbundle; includeInIndex = 0; path = PentiTests.xctest; sourceTree = BUILT_PRODUCTS_DIR; };
		AAA7CCBD1D23C8CD00A9A4F8 /* PentiTests.swift */ = {isa = PBXFileReference; lastKnownFileType = sourcecode.swift; path = PentiTests.swift; sourceTree = "<group>"; };
		AAA7CCBF1D23C8CD00A9A4F8 /* Info.plist */ = {isa = PBXFileReference; lastKnownFileType = text.plist.xml; path = Info.plist; sourceTree = "<group>"; };
		AAD72F6E1D2A3F7E00510481 /* content.js */ = {isa = PBXFileReference; fileEncoding = 4; lastKnownFileType = sourcecode.javascript; path = content.js; sourceTree = "<group>"; };
		AAD72F721D2A42A200510481 /* zepto.min.js */ = {isa = PBXFileReference; fileEncoding = 4; lastKnownFileType = sourcecode.javascript; path = zepto.min.js; sourceTree = "<group>"; };
		AAD72F791D2A613600510481 /* style.js */ = {isa = PBXFileReference; fileEncoding = 4; lastKnownFileType = sourcecode.javascript; path = style.js; sourceTree = "<group>"; };
		BFEBAFDAA945AA905EBCBA8F /* Pods-PentiTests.release.xcconfig */ = {isa = PBXFileReference; includeInIndex = 1; lastKnownFileType = text.xcconfig; name = "Pods-PentiTests.release.xcconfig"; path = "Pods/Target Support Files/Pods-PentiTests/Pods-PentiTests.release.xcconfig"; sourceTree = "<group>"; };
		C07CE5BD68CFA80647D886B9 /* Pods-PentiTests.debug.xcconfig */ = {isa = PBXFileReference; includeInIndex = 1; lastKnownFileType = text.xcconfig; name = "Pods-PentiTests.debug.xcconfig"; path = "Pods/Target Support Files/Pods-PentiTests/Pods-PentiTests.debug.xcconfig"; sourceTree = "<group>"; };
		C6CEB727175A76D9DF7DC277 /* Pods_Penti.framework */ = {isa = PBXFileReference; explicitFileType = wrapper.framework; includeInIndex = 0; path = Pods_Penti.framework; sourceTree = BUILT_PRODUCTS_DIR; };
		CF1C920D7AFD2CC6F289C13F /* Pods_PentiTests.framework */ = {isa = PBXFileReference; explicitFileType = wrapper.framework; includeInIndex = 0; path = Pods_PentiTests.framework; sourceTree = BUILT_PRODUCTS_DIR; };
		D2A933573E22B0E987D5DF9A /* Pods-Penti.debug.xcconfig */ = {isa = PBXFileReference; includeInIndex = 1; lastKnownFileType = text.xcconfig; name = "Pods-Penti.debug.xcconfig"; path = "Pods/Target Support Files/Pods-Penti/Pods-Penti.debug.xcconfig"; sourceTree = "<group>"; };
/* End PBXFileReference section */

/* Begin PBXFrameworksBuildPhase section */
		AAA7CCA21D23C8CD00A9A4F8 /* Frameworks */ = {
			isa = PBXFrameworksBuildPhase;
			buildActionMask = 2147483647;
			files = (
				AA7A5B691D260D8900B9B270 /* QuartzCore.framework in Frameworks */,
				AA240EF41D25207E00DA1D2B /* WebKit.framework in Frameworks */,
				CDC2E26E969854890629BA04 /* Pods_Penti.framework in Frameworks */,
			);
			runOnlyForDeploymentPostprocessing = 0;
		};
		AAA7CCB61D23C8CD00A9A4F8 /* Frameworks */ = {
			isa = PBXFrameworksBuildPhase;
			buildActionMask = 2147483647;
			files = (
				52D11472533E9E9641E5AD8E /* Pods_PentiTests.framework in Frameworks */,
			);
			runOnlyForDeploymentPostprocessing = 0;
		};
/* End PBXFrameworksBuildPhase section */

/* Begin PBXGroup section */
		7C55AF1FC2172E6A8F627B89 /* Pods */ = {
			isa = PBXGroup;
			children = (
				D2A933573E22B0E987D5DF9A /* Pods-Penti.debug.xcconfig */,
				69AFBF9E25D68A6FE75DB43C /* Pods-Penti.release.xcconfig */,
				C07CE5BD68CFA80647D886B9 /* Pods-PentiTests.debug.xcconfig */,
				BFEBAFDAA945AA905EBCBA8F /* Pods-PentiTests.release.xcconfig */,
			);
			name = Pods;
			sourceTree = "<group>";
		};
		9878637D2A4F17A6201F3B44 /* Frameworks */ = {
			isa = PBXGroup;
			children = (
				AA7A5B681D260D8900B9B270 /* QuartzCore.framework */,
				AA240EF31D25207E00DA1D2B /* WebKit.framework */,
				C6CEB727175A76D9DF7DC277 /* Pods_Penti.framework */,
				CF1C920D7AFD2CC6F289C13F /* Pods_PentiTests.framework */,
			);
			name = Frameworks;
			sourceTree = "<group>";
		};
		AA240EE61D24F4CB00DA1D2B /* Models */ = {
			isa = PBXGroup;
			children = (
				AA240EEF1D2503B400DA1D2B /* Feeds.swift */,
			);
			name = Models;
			sourceTree = "<group>";
		};
		AA240EE91D24F98200DA1D2B /* Views */ = {
			isa = PBXGroup;
			children = (
				AA240EEA1D24F99F00DA1D2B /* FeedItemCell.swift */,
			);
			name = Views;
			sourceTree = "<group>";
		};
		AA240EEC1D24FCB300DA1D2B /* Network */ = {
			isa = PBXGroup;
			children = (
				AA240EED1D24FCCB00DA1D2B /* PentiApi.swift */,
			);
			name = Network;
			sourceTree = "<group>";
		};
		AAA7CC9C1D23C8CD00A9A4F8 = {
			isa = PBXGroup;
			children = (
				AAA7CCA71D23C8CD00A9A4F8 /* Penti */,
				AAA7CCBC1D23C8CD00A9A4F8 /* PentiTests */,
				AAA7CCA61D23C8CD00A9A4F8 /* Products */,
				7C55AF1FC2172E6A8F627B89 /* Pods */,
				9878637D2A4F17A6201F3B44 /* Frameworks */,
			);
			sourceTree = "<group>";
		};
		AAA7CCA61D23C8CD00A9A4F8 /* Products */ = {
			isa = PBXGroup;
			children = (
				AAA7CCA51D23C8CD00A9A4F8 /* Penti.app */,
				AAA7CCB91D23C8CD00A9A4F8 /* PentiTests.xctest */,
			);
			name = Products;
			sourceTree = "<group>";
		};
		AAA7CCA71D23C8CD00A9A4F8 /* Penti */ = {
			isa = PBXGroup;
			children = (
				AA83009A1D2CF6C500818A2B /* Penti.entitlements */,
				AAD72F741D2A585500510481 /* Resources */,
				AAD72F721D2A42A200510481 /* zepto.min.js */,
				AA240EEC1D24FCB300DA1D2B /* Network */,
				AA240EE91D24F98200DA1D2B /* Views */,
				AA240EE61D24F4CB00DA1D2B /* Models */,
				AAA7CCA81D23C8CD00A9A4F8 /* AppDelegate.swift */,
				AAA7CCAA1D23C8CD00A9A4F8 /* ViewController.swift */,
				AAA7CCAC1D23C8CD00A9A4F8 /* Main.storyboard */,
				AAA7CCAF1D23C8CD00A9A4F8 /* Assets.xcassets */,
				AAA7CCB11D23C8CD00A9A4F8 /* LaunchScreen.storyboard */,
				AAA7CCB41D23C8CD00A9A4F8 /* Info.plist */,
				AA240EF11D251F8D00DA1D2B /* DetailViewController.swift */,
				AA1658951D2B84250020F6BC /* Constants.swift */,
				AA8077571D2E33D700F1B88E /* Penti-Bridging-Header.h */,
			);
			path = Penti;
			sourceTree = "<group>";
		};
		AAA7CCBC1D23C8CD00A9A4F8 /* PentiTests */ = {
			isa = PBXGroup;
			children = (
				AAA7CCBD1D23C8CD00A9A4F8 /* PentiTests.swift */,
				AAA7CCBF1D23C8CD00A9A4F8 /* Info.plist */,
			);
			path = PentiTests;
			sourceTree = "<group>";
		};
		AAD72F741D2A585500510481 /* Resources */ = {
			isa = PBXGroup;
			children = (
				AAD72F761D2A589800510481 /* css */,
				AAD72F751D2A589100510481 /* js */,
			);
			name = Resources;
			sourceTree = "<group>";
		};
		AAD72F751D2A589100510481 /* js */ = {
			isa = PBXGroup;
			children = (
				AAD72F6E1D2A3F7E00510481 /* content.js */,
				AAD72F791D2A613600510481 /* style.js */,
			);
			name = js;
			sourceTree = "<group>";
		};
		AAD72F761D2A589800510481 /* css */ = {
			isa = PBXGroup;
			children = (
			);
			name = css;
			sourceTree = "<group>";
		};
/* End PBXGroup section */

/* Begin PBXNativeTarget section */
		AAA7CCA41D23C8CD00A9A4F8 /* Penti */ = {
			isa = PBXNativeTarget;
			buildConfigurationList = AAA7CCC21D23C8CD00A9A4F8 /* Build configuration list for PBXNativeTarget "Penti" */;
			buildPhases = (
				E29C39360A49CBFCF915F8FB /* [CP] Check Pods Manifest.lock */,
				AAA7CCA11D23C8CD00A9A4F8 /* Sources */,
				AAA7CCA21D23C8CD00A9A4F8 /* Frameworks */,
				AAA7CCA31D23C8CD00A9A4F8 /* Resources */,
				16C9F91FC084EA37DB7FE605 /* [CP] Embed Pods Frameworks */,
				7A87F586F78461AE196E1455 /* [CP] Copy Pods Resources */,
			);
			buildRules = (
			);
			dependencies = (
			);
			name = Penti;
			productName = Penti;
			productReference = AAA7CCA51D23C8CD00A9A4F8 /* Penti.app */;
			productType = "com.apple.product-type.application";
		};
		AAA7CCB81D23C8CD00A9A4F8 /* PentiTests */ = {
			isa = PBXNativeTarget;
			buildConfigurationList = AAA7CCC51D23C8CD00A9A4F8 /* Build configuration list for PBXNativeTarget "PentiTests" */;
			buildPhases = (
				4A7679CB2B3AC89E6FDC4C7A /* [CP] Check Pods Manifest.lock */,
				AAA7CCB51D23C8CD00A9A4F8 /* Sources */,
				AAA7CCB61D23C8CD00A9A4F8 /* Frameworks */,
				AAA7CCB71D23C8CD00A9A4F8 /* Resources */,
				984CB1E81285DE3D61AB8891 /* [CP] Embed Pods Frameworks */,
				FDB84B8C0338DB9F947EFF5F /* [CP] Copy Pods Resources */,
			);
			buildRules = (
			);
			dependencies = (
				AAA7CCBB1D23C8CD00A9A4F8 /* PBXTargetDependency */,
			);
			name = PentiTests;
			productName = PentiTests;
			productReference = AAA7CCB91D23C8CD00A9A4F8 /* PentiTests.xctest */;
			productType = "com.apple.product-type.bundle.unit-test";
		};
/* End PBXNativeTarget section */

/* Begin PBXProject section */
		AAA7CC9D1D23C8CD00A9A4F8 /* Project object */ = {
			isa = PBXProject;
			attributes = {
				LastSwiftUpdateCheck = 0730;
				LastUpgradeCheck = 0730;
				ORGANIZATIONNAME = mcxiaoke;
				TargetAttributes = {
					AAA7CCA41D23C8CD00A9A4F8 = {
						CreatedOnToolsVersion = 7.3.1;
						DevelopmentTeam = 5R8HH5SP77;
						SystemCapabilities = {
							com.apple.BackgroundModes = {
								enabled = 1;
							};
							com.apple.iCloud = {
								enabled = 1;
							};
						};
					};
					AAA7CCB81D23C8CD00A9A4F8 = {
						CreatedOnToolsVersion = 7.3.1;
						TestTargetID = AAA7CCA41D23C8CD00A9A4F8;
					};
				};
			};
			buildConfigurationList = AAA7CCA01D23C8CD00A9A4F8 /* Build configuration list for PBXProject "Penti" */;
			compatibilityVersion = "Xcode 3.2";
			developmentRegion = English;
			hasScannedForEncodings = 0;
			knownRegions = (
				en,
				Base,
			);
			mainGroup = AAA7CC9C1D23C8CD00A9A4F8;
			productRefGroup = AAA7CCA61D23C8CD00A9A4F8 /* Products */;
			projectDirPath = "";
			projectRoot = "";
			targets = (
				AAA7CCA41D23C8CD00A9A4F8 /* Penti */,
				AAA7CCB81D23C8CD00A9A4F8 /* PentiTests */,
			);
		};
/* End PBXProject section */

/* Begin PBXResourcesBuildPhase section */
		AAA7CCA31D23C8CD00A9A4F8 /* Resources */ = {
			isa = PBXResourcesBuildPhase;
			buildActionMask = 2147483647;
			files = (
				AAA7CCB31D23C8CD00A9A4F8 /* LaunchScreen.storyboard in Resources */,
				AAA7CCB01D23C8CD00A9A4F8 /* Assets.xcassets in Resources */,
				AAD72F731D2A42A200510481 /* zepto.min.js in Resources */,
				AAA7CCAE1D23C8CD00A9A4F8 /* Main.storyboard in Resources */,
				AAD72F6F1D2A3F7E00510481 /* content.js in Resources */,
				AAD72F7A1D2A613600510481 /* style.js in Resources */,
			);
			runOnlyForDeploymentPostprocessing = 0;
		};
		AAA7CCB71D23C8CD00A9A4F8 /* Resources */ = {
			isa = PBXResourcesBuildPhase;
			buildActionMask = 2147483647;
			files = (
			);
			runOnlyForDeploymentPostprocessing = 0;
		};
/* End PBXResourcesBuildPhase section */

/* Begin PBXShellScriptBuildPhase section */
		16C9F91FC084EA37DB7FE605 /* [CP] Embed Pods Frameworks */ = {
			isa = PBXShellScriptBuildPhase;
			buildActionMask = 2147483647;
			files = (
			);
			inputPaths = (
			);
			name = "[CP] Embed Pods Frameworks";
			outputPaths = (
			);
			runOnlyForDeploymentPostprocessing = 0;
			shellPath = /bin/sh;
			shellScript = "\"${SRCROOT}/Pods/Target Support Files/Pods-Penti/Pods-Penti-frameworks.sh\"\n";
			showEnvVarsInLog = 0;
		};
		4A7679CB2B3AC89E6FDC4C7A /* [CP] Check Pods Manifest.lock */ = {
			isa = PBXShellScriptBuildPhase;
			buildActionMask = 2147483647;
			files = (
			);
			inputPaths = (
			);
			name = "[CP] Check Pods Manifest.lock";
			outputPaths = (
			);
			runOnlyForDeploymentPostprocessing = 0;
			shellPath = /bin/sh;
			shellScript = "diff \"${PODS_ROOT}/../Podfile.lock\" \"${PODS_ROOT}/Manifest.lock\" > /dev/null\nif [[ $? != 0 ]] ; then\n    cat << EOM\nerror: The sandbox is not in sync with the Podfile.lock. Run 'pod install' or update your CocoaPods installation.\nEOM\n    exit 1\nfi\n";
			showEnvVarsInLog = 0;
		};
		7A87F586F78461AE196E1455 /* [CP] Copy Pods Resources */ = {
			isa = PBXShellScriptBuildPhase;
			buildActionMask = 2147483647;
			files = (
			);
			inputPaths = (
			);
			name = "[CP] Copy Pods Resources";
			outputPaths = (
			);
			runOnlyForDeploymentPostprocessing = 0;
			shellPath = /bin/sh;
			shellScript = "\"${SRCROOT}/Pods/Target Support Files/Pods-Penti/Pods-Penti-resources.sh\"\n";
			showEnvVarsInLog = 0;
		};
		984CB1E81285DE3D61AB8891 /* [CP] Embed Pods Frameworks */ = {
			isa = PBXShellScriptBuildPhase;
			buildActionMask = 2147483647;
			files = (
			);
			inputPaths = (
			);
			name = "[CP] Embed Pods Frameworks";
			outputPaths = (
			);
			runOnlyForDeploymentPostprocessing = 0;
			shellPath = /bin/sh;
			shellScript = "\"${SRCROOT}/Pods/Target Support Files/Pods-PentiTests/Pods-PentiTests-frameworks.sh\"\n";
			showEnvVarsInLog = 0;
		};
		E29C39360A49CBFCF915F8FB /* [CP] Check Pods Manifest.lock */ = {
			isa = PBXShellScriptBuildPhase;
			buildActionMask = 2147483647;
			files = (
			);
			inputPaths = (
			);
			name = "[CP] Check Pods Manifest.lock";
			outputPaths = (
			);
			runOnlyForDeploymentPostprocessing = 0;
			shellPath = /bin/sh;
			shellScript = "diff \"${PODS_ROOT}/../Podfile.lock\" \"${PODS_ROOT}/Manifest.lock\" > /dev/null\nif [[ $? != 0 ]] ; then\n    cat << EOM\nerror: The sandbox is not in sync with the Podfile.lock. Run 'pod install' or update your CocoaPods installation.\nEOM\n    exit 1\nfi\n";
			showEnvVarsInLog = 0;
		};
		FDB84B8C0338DB9F947EFF5F /* [CP] Copy Pods Resources */ = {
			isa = PBXShellScriptBuildPhase;
			buildActionMask = 2147483647;
			files = (
			);
			inputPaths = (
			);
			name = "[CP] Copy Pods Resources";
			outputPaths = (
			);
			runOnlyForDeploymentPostprocessing = 0;
			shellPath = /bin/sh;
			shellScript = "\"${SRCROOT}/Pods/Target Support Files/Pods-PentiTests/Pods-PentiTests-resources.sh\"\n";
			showEnvVarsInLog = 0;
		};
/* End PBXShellScriptBuildPhase section */

/* Begin PBXSourcesBuildPhase section */
		AAA7CCA11D23C8CD00A9A4F8 /* Sources */ = {
			isa = PBXSourcesBuildPhase;
			buildActionMask = 2147483647;
			files = (
				AA240EEE1D24FCCB00DA1D2B /* PentiApi.swift in Sources */,
				AA240EEB1D24F99F00DA1D2B /* FeedItemCell.swift in Sources */,
				AAA7CCAB1D23C8CD00A9A4F8 /* ViewController.swift in Sources */,
				AA240EF21D251F8D00DA1D2B /* DetailViewController.swift in Sources */,
				AA1658961D2B84250020F6BC /* Constants.swift in Sources */,
				AAA7CCA91D23C8CD00A9A4F8 /* AppDelegate.swift in Sources */,
				AA240EF01D2503B400DA1D2B /* Feeds.swift in Sources */,
			);
			runOnlyForDeploymentPostprocessing = 0;
		};
		AAA7CCB51D23C8CD00A9A4F8 /* Sources */ = {
			isa = PBXSourcesBuildPhase;
			buildActionMask = 2147483647;
			files = (
				AAA7CCBE1D23C8CD00A9A4F8 /* PentiTests.swift in Sources */,
			);
			runOnlyForDeploymentPostprocessing = 0;
		};
/* End PBXSourcesBuildPhase section */

/* Begin PBXTargetDependency section */
		AAA7CCBB1D23C8CD00A9A4F8 /* PBXTargetDependency */ = {
			isa = PBXTargetDependency;
			target = AAA7CCA41D23C8CD00A9A4F8 /* Penti */;
			targetProxy = AAA7CCBA1D23C8CD00A9A4F8 /* PBXContainerItemProxy */;
		};
/* End PBXTargetDependency section */

/* Begin PBXVariantGroup section */
		AAA7CCAC1D23C8CD00A9A4F8 /* Main.storyboard */ = {
			isa = PBXVariantGroup;
			children = (
				AAA7CCAD1D23C8CD00A9A4F8 /* Base */,
			);
			name = Main.storyboard;
			sourceTree = "<group>";
		};
		AAA7CCB11D23C8CD00A9A4F8 /* LaunchScreen.storyboard */ = {
			isa = PBXVariantGroup;
			children = (
				AAA7CCB21D23C8CD00A9A4F8 /* Base */,
			);
			name = LaunchScreen.storyboard;
			sourceTree = "<group>";
		};
/* End PBXVariantGroup section */

/* Begin XCBuildConfiguration section */
		AAA7CCC01D23C8CD00A9A4F8 /* Debug */ = {
			isa = XCBuildConfiguration;
			buildSettings = {
				ALWAYS_SEARCH_USER_PATHS = NO;
				CLANG_ANALYZER_NONNULL = YES;
				CLANG_CXX_LANGUAGE_STANDARD = "gnu++0x";
				CLANG_CXX_LIBRARY = "libc++";
				CLANG_ENABLE_MODULES = YES;
				CLANG_ENABLE_OBJC_ARC = YES;
				CLANG_WARN_BOOL_CONVERSION = YES;
				CLANG_WARN_CONSTANT_CONVERSION = YES;
				CLANG_WARN_DIRECT_OBJC_ISA_USAGE = YES_ERROR;
				CLANG_WARN_EMPTY_BODY = YES;
				CLANG_WARN_ENUM_CONVERSION = YES;
				CLANG_WARN_INT_CONVERSION = YES;
				CLANG_WARN_OBJC_ROOT_CLASS = YES_ERROR;
				CLANG_WARN_UNREACHABLE_CODE = YES;
				CLANG_WARN__DUPLICATE_METHOD_MATCH = YES;
				"CODE_SIGN_IDENTITY[sdk=iphoneos*]" = "iPhone Developer";
				COPY_PHASE_STRIP = NO;
				DEBUG_INFORMATION_FORMAT = dwarf;
				ENABLE_STRICT_OBJC_MSGSEND = YES;
				ENABLE_TESTABILITY = YES;
				GCC_C_LANGUAGE_STANDARD = gnu99;
				GCC_DYNAMIC_NO_PIC = NO;
				GCC_NO_COMMON_BLOCKS = YES;
				GCC_OPTIMIZATION_LEVEL = 0;
				GCC_PREPROCESSOR_DEFINITIONS = (
					"DEBUG=1",
					"$(inherited)",
				);
				GCC_WARN_64_TO_32_BIT_CONVERSION = YES;
				GCC_WARN_ABOUT_RETURN_TYPE = YES_ERROR;
				GCC_WARN_UNDECLARED_SELECTOR = YES;
				GCC_WARN_UNINITIALIZED_AUTOS = YES_AGGRESSIVE;
				GCC_WARN_UNUSED_FUNCTION = YES;
				GCC_WARN_UNUSED_VARIABLE = YES;
				IPHONEOS_DEPLOYMENT_TARGET = 9.3;
				MTL_ENABLE_DEBUG_INFO = YES;
				ONLY_ACTIVE_ARCH = YES;
				SDKROOT = iphoneos;
				SWIFT_OPTIMIZATION_LEVEL = "-Onone";
			};
			name = Debug;
		};
		AAA7CCC11D23C8CD00A9A4F8 /* Release */ = {
			isa = XCBuildConfiguration;
			buildSettings = {
				ALWAYS_SEARCH_USER_PATHS = NO;
				CLANG_ANALYZER_NONNULL = YES;
				CLANG_CXX_LANGUAGE_STANDARD = "gnu++0x";
				CLANG_CXX_LIBRARY = "libc++";
				CLANG_ENABLE_MODULES = YES;
				CLANG_ENABLE_OBJC_ARC = YES;
				CLANG_WARN_BOOL_CONVERSION = YES;
				CLANG_WARN_CONSTANT_CONVERSION = YES;
				CLANG_WARN_DIRECT_OBJC_ISA_USAGE = YES_ERROR;
				CLANG_WARN_EMPTY_BODY = YES;
				CLANG_WARN_ENUM_CONVERSION = YES;
				CLANG_WARN_INT_CONVERSION = YES;
				CLANG_WARN_OBJC_ROOT_CLASS = YES_ERROR;
				CLANG_WARN_UNREACHABLE_CODE = YES;
				CLANG_WARN__DUPLICATE_METHOD_MATCH = YES;
				"CODE_SIGN_IDENTITY[sdk=iphoneos*]" = "iPhone Developer";
				COPY_PHASE_STRIP = NO;
				DEBUG_INFORMATION_FORMAT = "dwarf-with-dsym";
				ENABLE_NS_ASSERTIONS = NO;
				ENABLE_STRICT_OBJC_MSGSEND = YES;
				GCC_C_LANGUAGE_STANDARD = gnu99;
				GCC_NO_COMMON_BLOCKS = YES;
				GCC_WARN_64_TO_32_BIT_CONVERSION = YES;
				GCC_WARN_ABOUT_RETURN_TYPE = YES_ERROR;
				GCC_WARN_UNDECLARED_SELECTOR = YES;
				GCC_WARN_UNINITIALIZED_AUTOS = YES_AGGRESSIVE;
				GCC_WARN_UNUSED_FUNCTION = YES;
				GCC_WARN_UNUSED_VARIABLE = YES;
				IPHONEOS_DEPLOYMENT_TARGET = 9.3;
				MTL_ENABLE_DEBUG_INFO = NO;
				SDKROOT = iphoneos;
				VALIDATE_PRODUCT = YES;
			};
			name = Release;
		};
		AAA7CCC31D23C8CD00A9A4F8 /* Debug */ = {
			isa = XCBuildConfiguration;
			baseConfigurationReference = D2A933573E22B0E987D5DF9A /* Pods-Penti.debug.xcconfig */;
			buildSettings = {
				ASSETCATALOG_COMPILER_APPICON_NAME = AppIcon;
				CLANG_ENABLE_MODULES = YES;
				CODE_SIGN_ENTITLEMENTS = Penti/Penti.entitlements;
				CODE_SIGN_IDENTITY = "iPhone Developer";
				"CODE_SIGN_IDENTITY[sdk=iphoneos*]" = "iPhone Developer";
				INFOPLIST_FILE = Penti/Info.plist;
				IPHONEOS_DEPLOYMENT_TARGET = 8.2;
				LD_RUNPATH_SEARCH_PATHS = "$(inherited) @executable_path/Frameworks";
				PRODUCT_BUNDLE_IDENTIFIER = com.mcxiaoke.penti;
				PRODUCT_NAME = "$(TARGET_NAME)";
				PROVISIONING_PROFILE = "";
				SWIFT_OBJC_BRIDGING_HEADER = "Penti/Penti-Bridging-Header.h";
				SWIFT_OPTIMIZATION_LEVEL = "-Onone";
			};
			name = Debug;
		};
		AAA7CCC41D23C8CD00A9A4F8 /* Release */ = {
			isa = XCBuildConfiguration;
			baseConfigurationReference = 69AFBF9E25D68A6FE75DB43C /* Pods-Penti.release.xcconfig */;
			buildSettings = {
				ASSETCATALOG_COMPILER_APPICON_NAME = AppIcon;
				CLANG_ENABLE_MODULES = YES;
				CODE_SIGN_ENTITLEMENTS = Penti/Penti.entitlements;
				CODE_SIGN_IDENTITY = "iPhone Developer";
				"CODE_SIGN_IDENTITY[sdk=iphoneos*]" = "iPhone Developer";
				INFOPLIST_FILE = Penti/Info.plist;
				IPHONEOS_DEPLOYMENT_TARGET = 8.2;
				LD_RUNPATH_SEARCH_PATHS = "$(inherited) @executable_path/Frameworks";
				PRODUCT_BUNDLE_IDENTIFIER = com.mcxiaoke.penti;
				PRODUCT_NAME = "$(TARGET_NAME)";
				PROVISIONING_PROFILE = "";
				SWIFT_OBJC_BRIDGING_HEADER = "Penti/Penti-Bridging-Header.h";
			};
			name = Release;
		};
		AAA7CCC61D23C8CD00A9A4F8 /* Debug */ = {
			isa = XCBuildConfiguration;
			baseConfigurationReference = C07CE5BD68CFA80647D886B9 /* Pods-PentiTests.debug.xcconfig */;
			buildSettings = {
				BUNDLE_LOADER = "$(TEST_HOST)";
				INFOPLIST_FILE = PentiTests/Info.plist;
				LD_RUNPATH_SEARCH_PATHS = "$(inherited) @executable_path/Frameworks @loader_path/Frameworks";
				PRODUCT_BUNDLE_IDENTIFIER = com.mcxiaoke.ios.PentiTests;
				PRODUCT_NAME = "$(TARGET_NAME)";
				TEST_HOST = "$(BUILT_PRODUCTS_DIR)/Penti.app/Penti";
			};
			name = Debug;
		};
		AAA7CCC71D23C8CD00A9A4F8 /* Release */ = {
			isa = XCBuildConfiguration;
			baseConfigurationReference = BFEBAFDAA945AA905EBCBA8F /* Pods-PentiTests.release.xcconfig */;
			buildSettings = {
				BUNDLE_LOADER = "$(TEST_HOST)";
				INFOPLIST_FILE = PentiTests/Info.plist;
				LD_RUNPATH_SEARCH_PATHS = "$(inherited) @executable_path/Frameworks @loader_path/Frameworks";
				PRODUCT_BUNDLE_IDENTIFIER = com.mcxiaoke.ios.PentiTests;
				PRODUCT_NAME = "$(TARGET_NAME)";
				TEST_HOST = "$(BUILT_PRODUCTS_DIR)/Penti.app/Penti";
			};
			name = Release;
		};
/* End XCBuildConfiguration section */

/* Begin XCConfigurationList section */
		AAA7CCA01D23C8CD00A9A4F8 /* Build configuration list for PBXProject "Penti" */ = {
			isa = XCConfigurationList;
			buildConfigurations = (
				AAA7CCC01D23C8CD00A9A4F8 /* Debug */,
				AAA7CCC11D23C8CD00A9A4F8 /* Release */,
			);
			defaultConfigurationIsVisible = 0;
			defaultConfigurationName = Release;
		};
		AAA7CCC21D23C8CD00A9A4F8 /* Build configuration list for PBXNativeTarget "Penti" */ = {
			isa = XCConfigurationList;
			buildConfigurations = (
				AAA7CCC31D23C8CD00A9A4F8 /* Debug */,
				AAA7CCC41D23C8CD00A9A4F8 /* Release */,
			);
			defaultConfigurationIsVisible = 0;
			defaultConfigurationName = Release;
		};
		AAA7CCC51D23C8CD00A9A4F8 /* Build configuration list for PBXNativeTarget "PentiTests" */ = {
			isa = XCConfigurationList;
			buildConfigurations = (
				AAA7CCC61D23C8CD00A9A4F8 /* Debug */,
				AAA7CCC71D23C8CD00A9A4F8 /* Release */,
			);
			defaultConfigurationIsVisible = 0;
			defaultConfigurationName = Release;
		};
/* End XCConfigurationList section */
	};
	rootObject = AAA7CC9D1D23C8CD00A9A4F8 /* Project object */;
}
